{
  "originHash" : "32be138294ac3ad39dac5d487106f3eed90b38103906d8a46c8ab79624305ba1",
  "pins" : [
    {
      "identity" : "notificare-sdk-ios",
      "kind" : "remoteSourceControl",
      "location" : "https://github.com/Notificare/notificare-sdk-ios",
      "state" : {
        "revision" : "d567b11cf4661aae26f78b981fa7b371abb2709b",
        "version" : "4.2.2"
      }
    }
  ],
  "version" : 3
}
