{
  "originHash" : "32be138294ac3ad39dac5d487106f3eed90b38103906d8a46c8ab79624305ba1",
  "pins" : [
    {
      "identity" : "notificare-sdk-ios",
      "kind" : "remoteSourceControl",
      "location" : "https://github.com/Notificare/notificare-sdk-ios",
      "state" : {
        "revision" : "27c1f95477b869f17edef9710e40a0cc6bf59a9f",
        "version" : "4.2.3"
      }
    }
  ],
  "version" : 3
}
