
Microsoft Visual Studio Solution File, Format Version 12.00
# Visual Studio Version 17
VisualStudioVersion = 17.0.31903.59
MinimumVisualStudioVersion = 10.0.40219.1
Project("{FAE04EC0-301F-11D3-BF4B-00C04F79EFBC}") = "Sample", "Sample\Sample.csproj", "{CE84E76F-0113-4607-ABE9-02F51E999E8B}"
EndProject
Project("{FAE04EC0-301F-11D3-BF4B-00C04F79EFBC}") = "NotificareSdk", "NotificareSdk\NotificareSdk.csproj", "{BBB3BDDF-8A8A-4B3B-8EAF-E6285D7B387C}"
EndProject
Project("{FAE04EC0-301F-11D3-BF4B-00C04F79EFBC}") = "NotificareSdk.Android.Binding", "NotificareSdk.Android.Binding\NotificareSdk.Android.Binding.csproj", "{CBE9EF05-3582-45FB-A31E-E862F1E68144}"
EndProject
Project("{FAE04EC0-301F-11D3-BF4B-00C04F79EFBC}") = "NotificareSdk.Android", "NotificareSdk.Android\NotificareSdk.Android.csproj", "{D5A160F1-500D-4C7E-8534-70E54D7A3178}"
EndProject
Project("{FAE04EC0-301F-11D3-BF4B-00C04F79EFBC}") = "NotificareSdk.iOS", "NotificareSdk.iOS\NotificareSdk.iOS.csproj", "{6561BDE7-D9D1-4323-8F01-32295CDDCF47}"
EndProject
Project("{FAE04EC0-301F-11D3-BF4B-00C04F79EFBC}") = "NotificareSdk.iOS.Binding", "NotificareSdk.iOS.Binding\NotificareSdk.iOS.Binding.csproj", "{56696B37-E607-40C1-8D43-5841FD8CF242}"
EndProject
Project("{FAE04EC0-301F-11D3-BF4B-00C04F79EFBC}") = "NotificareSdk.Core", "NotificareSdk.Core\NotificareSdk.Core.csproj", "{4759D689-DF7C-426B-B5AF-812D1C9D3E42}"
EndProject
Project("{FAE04EC0-301F-11D3-BF4B-00C04F79EFBC}") = "NotificareSdk.Push", "NotificareSdk.Push\NotificareSdk.Push.csproj", "{9F3263F5-82F7-48AD-A85C-DD33FBC3B4F9}"
EndProject
Project("{FAE04EC0-301F-11D3-BF4B-00C04F79EFBC}") = "NotificareSdk.Push.Core", "NotificareSdk.Push.Core\NotificareSdk.Push.Core.csproj", "{49BE47CC-4BBE-4FD1-89D8-7CC5E30D9590}"
EndProject
Project("{FAE04EC0-301F-11D3-BF4B-00C04F79EFBC}") = "NotificareSdk.Push.Android.Binding", "NotificareSdk.Push.Android.Binding\NotificareSdk.Push.Android.Binding.csproj", "{A0D7BAE2-C024-4C1F-B27D-D1C50B54C2BD}"
EndProject
Project("{FAE04EC0-301F-11D3-BF4B-00C04F79EFBC}") = "NotificareSdk.Push.Android", "NotificareSdk.Push.Android\NotificareSdk.Push.Android.csproj", "{0AD02B81-C599-4672-8C79-D57684DA29EF}"
EndProject
Project("{FAE04EC0-301F-11D3-BF4B-00C04F79EFBC}") = "NotificareSdk.Push.iOS.Binding", "NotificareSdk.Push.iOS.Binding\NotificareSdk.Push.iOS.Binding.csproj", "{A49A00CB-BAC2-4FCD-9728-841D3CB5B3CD}"
EndProject
Project("{FAE04EC0-301F-11D3-BF4B-00C04F79EFBC}") = "NotificareSdk.Push.iOS", "NotificareSdk.Push.iOS\NotificareSdk.Push.iOS.csproj", "{C986213C-A79D-46AA-A877-BD5B0E944D83}"
EndProject
Global
	GlobalSection(SolutionConfigurationPlatforms) = preSolution
		Debug|Any CPU = Debug|Any CPU
		Release|Any CPU = Release|Any CPU
	EndGlobalSection
	GlobalSection(ProjectConfigurationPlatforms) = postSolution
		{CE84E76F-0113-4607-ABE9-02F51E999E8B}.Debug|Any CPU.ActiveCfg = Debug|Any CPU
		{CE84E76F-0113-4607-ABE9-02F51E999E8B}.Debug|Any CPU.Build.0 = Debug|Any CPU
		{CE84E76F-0113-4607-ABE9-02F51E999E8B}.Release|Any CPU.ActiveCfg = Release|Any CPU
		{CE84E76F-0113-4607-ABE9-02F51E999E8B}.Release|Any CPU.Build.0 = Release|Any CPU
		{BBB3BDDF-8A8A-4B3B-8EAF-E6285D7B387C}.Debug|Any CPU.ActiveCfg = Debug|Any CPU
		{BBB3BDDF-8A8A-4B3B-8EAF-E6285D7B387C}.Debug|Any CPU.Build.0 = Debug|Any CPU
		{BBB3BDDF-8A8A-4B3B-8EAF-E6285D7B387C}.Release|Any CPU.ActiveCfg = Release|Any CPU
		{BBB3BDDF-8A8A-4B3B-8EAF-E6285D7B387C}.Release|Any CPU.Build.0 = Release|Any CPU
		{CBE9EF05-3582-45FB-A31E-E862F1E68144}.Debug|Any CPU.ActiveCfg = Debug|Any CPU
		{CBE9EF05-3582-45FB-A31E-E862F1E68144}.Debug|Any CPU.Build.0 = Debug|Any CPU
		{CBE9EF05-3582-45FB-A31E-E862F1E68144}.Release|Any CPU.ActiveCfg = Release|Any CPU
		{CBE9EF05-3582-45FB-A31E-E862F1E68144}.Release|Any CPU.Build.0 = Release|Any CPU
		{D5A160F1-500D-4C7E-8534-70E54D7A3178}.Debug|Any CPU.ActiveCfg = Debug|Any CPU
		{D5A160F1-500D-4C7E-8534-70E54D7A3178}.Debug|Any CPU.Build.0 = Debug|Any CPU
		{D5A160F1-500D-4C7E-8534-70E54D7A3178}.Release|Any CPU.ActiveCfg = Release|Any CPU
		{D5A160F1-500D-4C7E-8534-70E54D7A3178}.Release|Any CPU.Build.0 = Release|Any CPU
		{6561BDE7-D9D1-4323-8F01-32295CDDCF47}.Debug|Any CPU.ActiveCfg = Debug|Any CPU
		{6561BDE7-D9D1-4323-8F01-32295CDDCF47}.Debug|Any CPU.Build.0 = Debug|Any CPU
		{6561BDE7-D9D1-4323-8F01-32295CDDCF47}.Release|Any CPU.ActiveCfg = Release|Any CPU
		{6561BDE7-D9D1-4323-8F01-32295CDDCF47}.Release|Any CPU.Build.0 = Release|Any CPU
		{56696B37-E607-40C1-8D43-5841FD8CF242}.Debug|Any CPU.ActiveCfg = Debug|Any CPU
		{56696B37-E607-40C1-8D43-5841FD8CF242}.Debug|Any CPU.Build.0 = Debug|Any CPU
		{56696B37-E607-40C1-8D43-5841FD8CF242}.Release|Any CPU.ActiveCfg = Release|Any CPU
		{56696B37-E607-40C1-8D43-5841FD8CF242}.Release|Any CPU.Build.0 = Release|Any CPU
		{4759D689-DF7C-426B-B5AF-812D1C9D3E42}.Debug|Any CPU.ActiveCfg = Debug|Any CPU
		{4759D689-DF7C-426B-B5AF-812D1C9D3E42}.Debug|Any CPU.Build.0 = Debug|Any CPU
		{4759D689-DF7C-426B-B5AF-812D1C9D3E42}.Release|Any CPU.ActiveCfg = Release|Any CPU
		{4759D689-DF7C-426B-B5AF-812D1C9D3E42}.Release|Any CPU.Build.0 = Release|Any CPU
		{9F3263F5-82F7-48AD-A85C-DD33FBC3B4F9}.Debug|Any CPU.ActiveCfg = Debug|Any CPU
		{9F3263F5-82F7-48AD-A85C-DD33FBC3B4F9}.Debug|Any CPU.Build.0 = Debug|Any CPU
		{9F3263F5-82F7-48AD-A85C-DD33FBC3B4F9}.Release|Any CPU.ActiveCfg = Release|Any CPU
		{9F3263F5-82F7-48AD-A85C-DD33FBC3B4F9}.Release|Any CPU.Build.0 = Release|Any CPU
		{49BE47CC-4BBE-4FD1-89D8-7CC5E30D9590}.Debug|Any CPU.ActiveCfg = Debug|Any CPU
		{49BE47CC-4BBE-4FD1-89D8-7CC5E30D9590}.Debug|Any CPU.Build.0 = Debug|Any CPU
		{49BE47CC-4BBE-4FD1-89D8-7CC5E30D9590}.Release|Any CPU.ActiveCfg = Release|Any CPU
		{49BE47CC-4BBE-4FD1-89D8-7CC5E30D9590}.Release|Any CPU.Build.0 = Release|Any CPU
		{A0D7BAE2-C024-4C1F-B27D-D1C50B54C2BD}.Debug|Any CPU.ActiveCfg = Debug|Any CPU
		{A0D7BAE2-C024-4C1F-B27D-D1C50B54C2BD}.Debug|Any CPU.Build.0 = Debug|Any CPU
		{A0D7BAE2-C024-4C1F-B27D-D1C50B54C2BD}.Release|Any CPU.ActiveCfg = Release|Any CPU
		{A0D7BAE2-C024-4C1F-B27D-D1C50B54C2BD}.Release|Any CPU.Build.0 = Release|Any CPU
		{0AD02B81-C599-4672-8C79-D57684DA29EF}.Debug|Any CPU.ActiveCfg = Debug|Any CPU
		{0AD02B81-C599-4672-8C79-D57684DA29EF}.Debug|Any CPU.Build.0 = Debug|Any CPU
		{0AD02B81-C599-4672-8C79-D57684DA29EF}.Release|Any CPU.ActiveCfg = Release|Any CPU
		{0AD02B81-C599-4672-8C79-D57684DA29EF}.Release|Any CPU.Build.0 = Release|Any CPU
		{A49A00CB-BAC2-4FCD-9728-841D3CB5B3CD}.Debug|Any CPU.ActiveCfg = Debug|Any CPU
		{A49A00CB-BAC2-4FCD-9728-841D3CB5B3CD}.Debug|Any CPU.Build.0 = Debug|Any CPU
		{A49A00CB-BAC2-4FCD-9728-841D3CB5B3CD}.Release|Any CPU.ActiveCfg = Release|Any CPU
		{A49A00CB-BAC2-4FCD-9728-841D3CB5B3CD}.Release|Any CPU.Build.0 = Release|Any CPU
		{C986213C-A79D-46AA-A877-BD5B0E944D83}.Debug|Any CPU.ActiveCfg = Debug|Any CPU
		{C986213C-A79D-46AA-A877-BD5B0E944D83}.Debug|Any CPU.Build.0 = Debug|Any CPU
		{C986213C-A79D-46AA-A877-BD5B0E944D83}.Release|Any CPU.ActiveCfg = Release|Any CPU
		{C986213C-A79D-46AA-A877-BD5B0E944D83}.Release|Any CPU.Build.0 = Release|Any CPU
	EndGlobalSection
	GlobalSection(SolutionProperties) = preSolution
		HideSolutionNode = FALSE
	EndGlobalSection
EndGlobal
