{
  "originHash" : "32be138294ac3ad39dac5d487106f3eed90b38103906d8a46c8ab79624305ba1",
  "pins" : [
    {
      "identity" : "notificare-sdk-ios",
      "kind" : "remoteSourceControl",
      "location" : "https://github.com/Notificare/notificare-sdk-ios",
      "state" : {
        "revision" : "ca59e3e330a2bef777cbd017f63c7367ac0f9e42",
        "version" : "4.2.5"
      }
    }
  ],
  "version" : 3
}
