{
  "originHash" : "9a714fe4bd9ab8701532f264b964a393de4d43ad6fb6a46ed3c378d00de75066",
  "pins" : [
    {
      "identity" : "notificare-sdk-ios",
      "kind" : "remoteSourceControl",
      "location" : "https://github.com/Notificare/notificare-sdk-ios",
      "state" : {
        "revision" : "d567b11cf4661aae26f78b981fa7b371abb2709b",
        "version" : "4.2.2"
      }
    }
  ],
  "version" : 3
}
