{
  "originHash" : "9a714fe4bd9ab8701532f264b964a393de4d43ad6fb6a46ed3c378d00de75066",
  "pins" : [
    {
      "identity" : "notificare-sdk-ios",
      "kind" : "remoteSourceControl",
      "location" : "https://github.com/Notificare/notificare-sdk-ios",
      "state" : {
        "revision" : "9e4d965ccd17fea19ff56f9553a44d0c15118cdd",
        "version" : "4.2.1"
      }
    }
  ],
  "version" : 3
}
