{
  "originHash" : "9a714fe4bd9ab8701532f264b964a393de4d43ad6fb6a46ed3c378d00de75066",
  "pins" : [
    {
      "identity" : "notificare-sdk-ios",
      "kind" : "remoteSourceControl",
      "location" : "https://github.com/Notificare/notificare-sdk-ios",
      "state" : {
        "revision" : "4dbab4532060fb3e45ba580b4809fecafe022661",
        "version" : "4.2.0"
      }
    }
  ],
  "version" : 3
}
