{
  "originHash" : "9a714fe4bd9ab8701532f264b964a393de4d43ad6fb6a46ed3c378d00de75066",
  "pins" : [
    {
      "identity" : "notificare-sdk-ios",
      "kind" : "remoteSourceControl",
      "location" : "https://github.com/Notificare/notificare-sdk-ios",
      "state" : {
        "revision" : "27c1f95477b869f17edef9710e40a0cc6bf59a9f",
        "version" : "4.2.3"
      }
    }
  ],
  "version" : 3
}
