{
  "originHash" : "34f58c8fb276b7124b5dec55cbd923b4b1ae14b44f9c1002e9dec75324a6c7ee",
  "pins" : [
    {
      "identity" : "notificare-sdk-ios",
      "kind" : "remoteSourceControl",
      "location" : "https://github.com/Notificare/notificare-sdk-ios",
      "state" : {
        "revision" : "9e4d965ccd17fea19ff56f9553a44d0c15118cdd",
        "version" : "4.2.1"
      }
    }
  ],
  "version" : 3
}
