{
  "originHash" : "34f58c8fb276b7124b5dec55cbd923b4b1ae14b44f9c1002e9dec75324a6c7ee",
  "pins" : [
    {
      "identity" : "notificare-sdk-ios",
      "kind" : "remoteSourceControl",
      "location" : "https://github.com/Notificare/notificare-sdk-ios",
      "state" : {
        "revision" : "adce311e2be5c5e49278026a5dfa9f7678ee665e",
        "version" : "4.0.1"
      }
    }
  ],
  "version" : 3
}
