{
  "originHash" : "34f58c8fb276b7124b5dec55cbd923b4b1ae14b44f9c1002e9dec75324a6c7ee",
  "pins" : [
    {
      "identity" : "notificare-sdk-ios",
      "kind" : "remoteSourceControl",
      "location" : "https://github.com/Notificare/notificare-sdk-ios",
      "state" : {
        "revision" : "ca59e3e330a2bef777cbd017f63c7367ac0f9e42",
        "version" : "4.2.5"
      }
    }
  ],
  "version" : 3
}
