{
  "originHash" : "32be138294ac3ad39dac5d487106f3eed90b38103906d8a46c8ab79624305ba1",
  "pins" : [
    {
      "identity" : "notificare-sdk-ios",
      "kind" : "remoteSourceControl",
      "location" : "https://github.com/Notificare/notificare-sdk-ios",
      "state" : {
        "revision" : "4dbab4532060fb3e45ba580b4809fecafe022661",
        "version" : "4.2.0"
      }
    }
  ],
  "version" : 3
}
