{
  "originHash" : "32be138294ac3ad39dac5d487106f3eed90b38103906d8a46c8ab79624305ba1",
  "pins" : [
    {
      "identity" : "notificare-sdk-ios",
      "kind" : "remoteSourceControl",
      "location" : "https://github.com/Notificare/notificare-sdk-ios",
      "state" : {
        "revision" : "9e4d965ccd17fea19ff56f9553a44d0c15118cdd",
        "version" : "4.2.1"
      }
    }
  ],
  "version" : 3
}
